
Microsoft Visual Studio Solution File, Format Version 12.00
# Visual Studio Version 17
VisualStudioVersion = 17.2.32630.192
MinimumVisualStudioVersion = 10.0.40219.1
Project("{9A19103F-16F7-4668-BE54-9A1E7A4F7556}") = "R5T.S0099", "R5T.S0099\R5T.S0099.csproj", "{A14B571B-B756-4651-9771-FE8440902CA2}"
EndProject
Project("{2150E333-8FDC-42A3-9474-1A3956D46DE8}") = "_Dependencies", "_Dependencies", "{DB0B9224-D3A9-41B3-B701-337802B1A907}"
EndProject
Project("{9A19103F-16F7-4668-BE54-9A1E7A4F7556}") = "R5T.F0000", "..\..\R5T.F0000\source\R5T.F0000\R5T.F0000.csproj", "{99C2D2D8-099D-4AFE-B77F-7B9F62AED7C2}"
EndProject
Project("{9A19103F-16F7-4668-BE54-9A1E7A4F7556}") = "R5T.L0043.F000", "..\..\R5T.L0043\source\R5T.L0043.F000\R5T.L0043.F000.csproj", "{17749890-BAAE-47EC-A5D5-AE767725CDDB}"
EndProject
Project("{9A19103F-16F7-4668-BE54-9A1E7A4F7556}") = "R5T.L0043.F001", "..\..\R5T.L0043\source\R5T.L0043.F001\R5T.L0043.F001.csproj", "{917D8FDD-8DAF-4FF3-9B73-80626939A7BF}"
EndProject
Project("{9A19103F-16F7-4668-BE54-9A1E7A4F7556}") = "R5T.L0043.T000", "..\..\R5T.L0043\source\R5T.L0043.T000\R5T.L0043.T000.csproj", "{68E195CB-321A-4E20-8D00-2F43B964BDEE}"
EndProject
Project("{9A19103F-16F7-4668-BE54-9A1E7A4F7556}") = "R5T.L0043.Z000", "..\..\R5T.L0043\source\R5T.L0043.Z000\R5T.L0043.Z000.csproj", "{D7031CF7-2B32-4863-9B8A-A41615FECB86}"
EndProject
Project("{9A19103F-16F7-4668-BE54-9A1E7A4F7556}") = "R5T.L0043.Z002", "..\..\R5T.L0043\source\R5T.L0043.Z002\R5T.L0043.Z002.csproj", "{DB05D7DE-818E-445B-8C6E-032B38414224}"
EndProject
Project("{9A19103F-16F7-4668-BE54-9A1E7A4F7556}") = "R5T.L0045.F001", "..\..\R5T.L0045\source\R5T.L0045.F001\R5T.L0045.F001.csproj", "{DC7BC6D6-0D4E-48DA-A312-2620D65ED666}"
EndProject
Project("{9A19103F-16F7-4668-BE54-9A1E7A4F7556}") = "R5T.T0131", "..\..\R5T.T0131\source\R5T.T0131\R5T.T0131.csproj", "{7EF9D0A6-38CE-4842-AC87-8FB619482497}"
EndProject
Project("{9A19103F-16F7-4668-BE54-9A1E7A4F7556}") = "R5T.T0132", "..\..\R5T.T0132\source\R5T.T0132\R5T.T0132.csproj", "{4A2B07FC-958C-413D-8D31-A8B41B7042EE}"
EndProject
Project("{9A19103F-16F7-4668-BE54-9A1E7A4F7556}") = "R5T.T0142", "..\..\R5T.T0142\source\R5T.T0142\R5T.T0142.csproj", "{C99389A7-86FC-4648-9D89-711FB7899D26}"
EndProject
Project("{9A19103F-16F7-4668-BE54-9A1E7A4F7556}") = "R5T.T0143", "..\..\R5T.T0143\source\R5T.T0143\R5T.T0143.csproj", "{1F15A7C6-DD2D-495F-BE03-B69F2F9AAF00}"
EndProject
Project("{9A19103F-16F7-4668-BE54-9A1E7A4F7556}") = "R5T.T0156", "..\..\R5T.T0156\source\R5T.T0156\R5T.T0156.csproj", "{0B1DDCE1-1AD0-4642-A47E-738D8186D862}"
EndProject
Project("{9A19103F-16F7-4668-BE54-9A1E7A4F7556}") = "R5T.T0178", "..\..\R5T.T0178\source\R5T.T0178\R5T.T0178.csproj", "{429D3506-918E-44B4-9B15-85C356E7FA0F}"
EndProject
Project("{9A19103F-16F7-4668-BE54-9A1E7A4F7556}") = "R5T.T0179", "..\..\R5T.T0179\source\R5T.T0179\R5T.T0179.csproj", "{B1DDF3CA-8931-41A3-B548-47B003FEC66F}"
EndProject
Project("{9A19103F-16F7-4668-BE54-9A1E7A4F7556}") = "R5T.T0185", "..\..\R5T.T0185\source\R5T.T0185\R5T.T0185.csproj", "{0DE7FACD-5D2D-4151-B243-664701C72931}"
EndProject
Project("{9A19103F-16F7-4668-BE54-9A1E7A4F7556}") = "R5T.Y0000", "..\..\R5T.Y0000\source\R5T.Y0000\R5T.Y0000.csproj", "{A6257B05-B389-45C4-ADE0-5D656AFF8FBB}"
EndProject
Project("{9A19103F-16F7-4668-BE54-9A1E7A4F7556}") = "R5T.Z0000", "..\..\R5T.Z0000\source\R5T.Z0000\R5T.Z0000.csproj", "{FD5A3F47-6E3F-4A99-9902-B920877BE161}"
EndProject
Project("{9A19103F-16F7-4668-BE54-9A1E7A4F7556}") = "R5T.T0141", "..\..\R5T.T0141\source\R5T.T0141\R5T.T0141.csproj", "{3839ED20-1C03-4C5C-A4D1-3CFA8C433E1E}"
EndProject
Project("{9A19103F-16F7-4668-BE54-9A1E7A4F7556}") = "R5T.F0002", "..\..\R5T.F0002\source\R5T.F0002\R5T.F0002.csproj", "{C34080E0-2462-46F9-9E78-1103B9CBE70D}"
EndProject
Project("{9A19103F-16F7-4668-BE54-9A1E7A4F7556}") = "R5T.F0120", "..\..\R5T.F0120\source\R5T.F0120\R5T.F0120.csproj", "{0063136D-2261-447C-8444-2FB965954B53}"
EndProject
Project("{9A19103F-16F7-4668-BE54-9A1E7A4F7556}") = "R5T.F0124", "..\..\R5T.F0124\source\R5T.F0124\R5T.F0124.csproj", "{398430F4-A97D-43A6-A61C-D1C69B1749E5}"
EndProject
Project("{9A19103F-16F7-4668-BE54-9A1E7A4F7556}") = "R5T.L0030.T000", "..\..\R5T.L0030\source\R5T.L0030.T000\R5T.L0030.T000.csproj", "{E35FAE06-A5C9-4C22-9287-A44FE59BA6D0}"
EndProject
Project("{9A19103F-16F7-4668-BE54-9A1E7A4F7556}") = "R5T.L0030", "..\..\R5T.L0030\source\R5T.L0030\R5T.L0030.csproj", "{AE36F8D1-8CE6-4922-AB69-4E25383322E5}"
EndProject
Project("{9A19103F-16F7-4668-BE54-9A1E7A4F7556}") = "R5T.L0032.T000", "..\..\R5T.L0032\source\R5T.L0032.T000\R5T.L0032.T000.csproj", "{A2949864-EEF1-446A-996D-F8EC5A9C85A7}"
EndProject
Project("{9A19103F-16F7-4668-BE54-9A1E7A4F7556}") = "R5T.L0034", "..\..\R5T.L0034\source\R5T.L0034\R5T.L0034.csproj", "{99ADE128-4B8D-4FED-BC9E-D22EF607BC54}"
EndProject
Project("{9A19103F-16F7-4668-BE54-9A1E7A4F7556}") = "R5T.NG0022", "..\..\R5T.NG0022\source\R5T.NG0022\R5T.NG0022.csproj", "{ACF31A8F-47A5-431E-B55B-70EB05D9F140}"
EndProject
Project("{9A19103F-16F7-4668-BE54-9A1E7A4F7556}") = "R5T.T0150", "..\..\R5T.T0150\source\R5T.T0150\R5T.T0150.csproj", "{132229B4-73B4-4B43-B72E-762E6D27FFD9}"
EndProject
Project("{9A19103F-16F7-4668-BE54-9A1E7A4F7556}") = "R5T.T0151", "..\..\R5T.T0151\source\R5T.T0151\R5T.T0151.csproj", "{5ABB505A-40DC-4BBD-8601-E62A4553F936}"
EndProject
Project("{9A19103F-16F7-4668-BE54-9A1E7A4F7556}") = "R5T.T0161", "..\..\R5T.T0161\source\R5T.T0161\R5T.T0161.csproj", "{7B8C00E6-2E1B-479F-A59F-B88A81C83068}"
EndProject
Project("{9A19103F-16F7-4668-BE54-9A1E7A4F7556}") = "R5T.T0172", "..\..\R5T.T0172\source\R5T.T0172\R5T.T0172.csproj", "{0C5B51D9-620B-4753-A210-FBB1BD3E3535}"
EndProject
Project("{9A19103F-16F7-4668-BE54-9A1E7A4F7556}") = "R5T.T0174", "..\..\R5T.T0174\source\R5T.T0174\R5T.T0174.csproj", "{A142EF9E-B729-41E9-BE63-61AEFCC3E351}"
EndProject
Project("{9A19103F-16F7-4668-BE54-9A1E7A4F7556}") = "R5T.T0176", "..\..\R5T.T0176\source\R5T.T0176\R5T.T0176.csproj", "{908BB32F-0841-4232-8E90-94BA690B2935}"
EndProject
Project("{9A19103F-16F7-4668-BE54-9A1E7A4F7556}") = "R5T.T0177", "..\..\R5T.T0177\source\R5T.T0177\R5T.T0177.csproj", "{BE34D235-4C0D-42C6-834E-743D29E99DC0}"
EndProject
Project("{9A19103F-16F7-4668-BE54-9A1E7A4F7556}") = "R5T.T0180", "..\..\R5T.T0180\source\R5T.T0180\R5T.T0180.csproj", "{8AB50DA9-8313-48C4-AAC9-2D8EF4383F41}"
EndProject
Project("{9A19103F-16F7-4668-BE54-9A1E7A4F7556}") = "R5T.T0181", "..\..\R5T.T0181\source\R5T.T0181\R5T.T0181.csproj", "{B18E5394-E69F-4C56-828F-618DD2A9A9E5}"
EndProject
Project("{9A19103F-16F7-4668-BE54-9A1E7A4F7556}") = "R5T.T0184", "..\..\R5T.T0184\source\R5T.T0184\R5T.T0184.csproj", "{A9244C1D-EDEC-4826-A833-9F97DE25BCEE}"
EndProject
Project("{9A19103F-16F7-4668-BE54-9A1E7A4F7556}") = "R5T.T0186", "..\..\R5T.T0186\source\R5T.T0186\R5T.T0186.csproj", "{EDF4159F-056C-4921-9C59-A9432150638E}"
EndProject
Project("{9A19103F-16F7-4668-BE54-9A1E7A4F7556}") = "R5T.T0187", "..\..\R5T.T0187\source\R5T.T0187\R5T.T0187.csproj", "{B91CEFC1-EC94-42A2-BD7E-9695086DF44C}"
EndProject
Project("{9A19103F-16F7-4668-BE54-9A1E7A4F7556}") = "R5T.T0196", "..\..\R5T.T0196\source\R5T.T0196\R5T.T0196.csproj", "{6D902129-4043-4800-B688-13580D3D340E}"
EndProject
Project("{9A19103F-16F7-4668-BE54-9A1E7A4F7556}") = "R5T.T0197", "..\..\R5T.T0197\source\R5T.T0197\R5T.T0197.csproj", "{7B73098D-F03B-43BA-A3AD-5984FFC8D683}"
EndProject
Project("{9A19103F-16F7-4668-BE54-9A1E7A4F7556}") = "R5T.T0198", "..\..\R5T.T0198\source\R5T.T0198\R5T.T0198.csproj", "{E8CACCEA-38D7-4EE0-867A-68F6FD8D53D2}"
EndProject
Project("{9A19103F-16F7-4668-BE54-9A1E7A4F7556}") = "R5T.T0199", "..\..\R5T.T0199\source\R5T.T0199\R5T.T0199.csproj", "{D723BF48-DAAE-490C-9B96-BFEE358E4499}"
EndProject
Project("{9A19103F-16F7-4668-BE54-9A1E7A4F7556}") = "R5T.T0200", "..\..\R5T.T0200\source\R5T.T0200\R5T.T0200.csproj", "{AB994FF5-AEB4-40B1-B089-46C382D9A739}"
EndProject
Project("{9A19103F-16F7-4668-BE54-9A1E7A4F7556}") = "R5T.T0203", "..\..\R5T.T0203\source\R5T.T0203\R5T.T0203.csproj", "{35259AD9-6CEC-4C3D-AA72-5415978C52C1}"
EndProject
Project("{9A19103F-16F7-4668-BE54-9A1E7A4F7556}") = "R5T.T0218", "..\..\R5T.T0218\source\R5T.T0218\R5T.T0218.csproj", "{A32B1B12-E2AF-4268-9414-11D223704C48}"
EndProject
Project("{9A19103F-16F7-4668-BE54-9A1E7A4F7556}") = "R5T.T0220", "..\..\R5T.T0220\source\R5T.T0220\R5T.T0220.csproj", "{24ECF451-0B3D-4527-B92D-1EB5EF3DC76B}"
EndProject
Project("{9A19103F-16F7-4668-BE54-9A1E7A4F7556}") = "R5T.T0221", "..\..\R5T.T0221\source\R5T.T0221\R5T.T0221.csproj", "{8C872E1B-A056-48F3-BC40-2B7934C3BA21}"
EndProject
Project("{9A19103F-16F7-4668-BE54-9A1E7A4F7556}") = "R5T.Z0046", "..\..\R5T.Z0046\source\R5T.Z0046\R5T.Z0046.csproj", "{3E9C9E3E-6CB3-416B-8660-FA41AE3AB2D5}"
EndProject
Global
	GlobalSection(NestedProjects) = preSolution
		{99C2D2D8-099D-4AFE-B77F-7B9F62AED7C2} = {DB0B9224-D3A9-41B3-B701-337802B1A907}
		{17749890-BAAE-47EC-A5D5-AE767725CDDB} = {DB0B9224-D3A9-41B3-B701-337802B1A907}
		{917D8FDD-8DAF-4FF3-9B73-80626939A7BF} = {DB0B9224-D3A9-41B3-B701-337802B1A907}
		{68E195CB-321A-4E20-8D00-2F43B964BDEE} = {DB0B9224-D3A9-41B3-B701-337802B1A907}
		{D7031CF7-2B32-4863-9B8A-A41615FECB86} = {DB0B9224-D3A9-41B3-B701-337802B1A907}
		{DB05D7DE-818E-445B-8C6E-032B38414224} = {DB0B9224-D3A9-41B3-B701-337802B1A907}
		{DC7BC6D6-0D4E-48DA-A312-2620D65ED666} = {DB0B9224-D3A9-41B3-B701-337802B1A907}
		{7EF9D0A6-38CE-4842-AC87-8FB619482497} = {DB0B9224-D3A9-41B3-B701-337802B1A907}
		{4A2B07FC-958C-413D-8D31-A8B41B7042EE} = {DB0B9224-D3A9-41B3-B701-337802B1A907}
		{C99389A7-86FC-4648-9D89-711FB7899D26} = {DB0B9224-D3A9-41B3-B701-337802B1A907}
		{1F15A7C6-DD2D-495F-BE03-B69F2F9AAF00} = {DB0B9224-D3A9-41B3-B701-337802B1A907}
		{0B1DDCE1-1AD0-4642-A47E-738D8186D862} = {DB0B9224-D3A9-41B3-B701-337802B1A907}
		{429D3506-918E-44B4-9B15-85C356E7FA0F} = {DB0B9224-D3A9-41B3-B701-337802B1A907}
		{B1DDF3CA-8931-41A3-B548-47B003FEC66F} = {DB0B9224-D3A9-41B3-B701-337802B1A907}
		{0DE7FACD-5D2D-4151-B243-664701C72931} = {DB0B9224-D3A9-41B3-B701-337802B1A907}
		{A6257B05-B389-45C4-ADE0-5D656AFF8FBB} = {DB0B9224-D3A9-41B3-B701-337802B1A907}
		{FD5A3F47-6E3F-4A99-9902-B920877BE161} = {DB0B9224-D3A9-41B3-B701-337802B1A907}
		{3839ED20-1C03-4C5C-A4D1-3CFA8C433E1E} = {DB0B9224-D3A9-41B3-B701-337802B1A907}
		{C34080E0-2462-46F9-9E78-1103B9CBE70D} = {DB0B9224-D3A9-41B3-B701-337802B1A907}
		{0063136D-2261-447C-8444-2FB965954B53} = {DB0B9224-D3A9-41B3-B701-337802B1A907}
		{398430F4-A97D-43A6-A61C-D1C69B1749E5} = {DB0B9224-D3A9-41B3-B701-337802B1A907}
		{E35FAE06-A5C9-4C22-9287-A44FE59BA6D0} = {DB0B9224-D3A9-41B3-B701-337802B1A907}
		{AE36F8D1-8CE6-4922-AB69-4E25383322E5} = {DB0B9224-D3A9-41B3-B701-337802B1A907}
		{A2949864-EEF1-446A-996D-F8EC5A9C85A7} = {DB0B9224-D3A9-41B3-B701-337802B1A907}
		{99ADE128-4B8D-4FED-BC9E-D22EF607BC54} = {DB0B9224-D3A9-41B3-B701-337802B1A907}
		{ACF31A8F-47A5-431E-B55B-70EB05D9F140} = {DB0B9224-D3A9-41B3-B701-337802B1A907}
		{132229B4-73B4-4B43-B72E-762E6D27FFD9} = {DB0B9224-D3A9-41B3-B701-337802B1A907}
		{5ABB505A-40DC-4BBD-8601-E62A4553F936} = {DB0B9224-D3A9-41B3-B701-337802B1A907}
		{7B8C00E6-2E1B-479F-A59F-B88A81C83068} = {DB0B9224-D3A9-41B3-B701-337802B1A907}
		{0C5B51D9-620B-4753-A210-FBB1BD3E3535} = {DB0B9224-D3A9-41B3-B701-337802B1A907}
		{A142EF9E-B729-41E9-BE63-61AEFCC3E351} = {DB0B9224-D3A9-41B3-B701-337802B1A907}
		{908BB32F-0841-4232-8E90-94BA690B2935} = {DB0B9224-D3A9-41B3-B701-337802B1A907}
		{BE34D235-4C0D-42C6-834E-743D29E99DC0} = {DB0B9224-D3A9-41B3-B701-337802B1A907}
		{8AB50DA9-8313-48C4-AAC9-2D8EF4383F41} = {DB0B9224-D3A9-41B3-B701-337802B1A907}
		{B18E5394-E69F-4C56-828F-618DD2A9A9E5} = {DB0B9224-D3A9-41B3-B701-337802B1A907}
		{A9244C1D-EDEC-4826-A833-9F97DE25BCEE} = {DB0B9224-D3A9-41B3-B701-337802B1A907}
		{EDF4159F-056C-4921-9C59-A9432150638E} = {DB0B9224-D3A9-41B3-B701-337802B1A907}
		{B91CEFC1-EC94-42A2-BD7E-9695086DF44C} = {DB0B9224-D3A9-41B3-B701-337802B1A907}
		{6D902129-4043-4800-B688-13580D3D340E} = {DB0B9224-D3A9-41B3-B701-337802B1A907}
		{7B73098D-F03B-43BA-A3AD-5984FFC8D683} = {DB0B9224-D3A9-41B3-B701-337802B1A907}
		{E8CACCEA-38D7-4EE0-867A-68F6FD8D53D2} = {DB0B9224-D3A9-41B3-B701-337802B1A907}
		{D723BF48-DAAE-490C-9B96-BFEE358E4499} = {DB0B9224-D3A9-41B3-B701-337802B1A907}
		{AB994FF5-AEB4-40B1-B089-46C382D9A739} = {DB0B9224-D3A9-41B3-B701-337802B1A907}
		{35259AD9-6CEC-4C3D-AA72-5415978C52C1} = {DB0B9224-D3A9-41B3-B701-337802B1A907}
		{A32B1B12-E2AF-4268-9414-11D223704C48} = {DB0B9224-D3A9-41B3-B701-337802B1A907}
		{24ECF451-0B3D-4527-B92D-1EB5EF3DC76B} = {DB0B9224-D3A9-41B3-B701-337802B1A907}
		{8C872E1B-A056-48F3-BC40-2B7934C3BA21} = {DB0B9224-D3A9-41B3-B701-337802B1A907}
		{3E9C9E3E-6CB3-416B-8660-FA41AE3AB2D5} = {DB0B9224-D3A9-41B3-B701-337802B1A907}
	EndGlobalSection
	GlobalSection(SolutionConfigurationPlatforms) = preSolution
		Debug|Any CPU = Debug|Any CPU
		Release|Any CPU = Release|Any CPU
	EndGlobalSection
	GlobalSection(ProjectConfigurationPlatforms) = postSolution
		{A14B571B-B756-4651-9771-FE8440902CA2}.Debug|Any CPU.ActiveCfg = Debug|Any CPU
		{A14B571B-B756-4651-9771-FE8440902CA2}.Debug|Any CPU.Build.0 = Debug|Any CPU
		{A14B571B-B756-4651-9771-FE8440902CA2}.Release|Any CPU.ActiveCfg = Release|Any CPU
		{A14B571B-B756-4651-9771-FE8440902CA2}.Release|Any CPU.Build.0 = Release|Any CPU
		{99C2D2D8-099D-4AFE-B77F-7B9F62AED7C2}.Debug|Any CPU.ActiveCfg = Debug|Any CPU
		{99C2D2D8-099D-4AFE-B77F-7B9F62AED7C2}.Debug|Any CPU.Build.0 = Debug|Any CPU
		{99C2D2D8-099D-4AFE-B77F-7B9F62AED7C2}.Release|Any CPU.ActiveCfg = Release|Any CPU
		{99C2D2D8-099D-4AFE-B77F-7B9F62AED7C2}.Release|Any CPU.Build.0 = Release|Any CPU
		{17749890-BAAE-47EC-A5D5-AE767725CDDB}.Debug|Any CPU.ActiveCfg = Debug|Any CPU
		{17749890-BAAE-47EC-A5D5-AE767725CDDB}.Debug|Any CPU.Build.0 = Debug|Any CPU
		{17749890-BAAE-47EC-A5D5-AE767725CDDB}.Release|Any CPU.ActiveCfg = Release|Any CPU
		{17749890-BAAE-47EC-A5D5-AE767725CDDB}.Release|Any CPU.Build.0 = Release|Any CPU
		{917D8FDD-8DAF-4FF3-9B73-80626939A7BF}.Debug|Any CPU.ActiveCfg = Debug|Any CPU
		{917D8FDD-8DAF-4FF3-9B73-80626939A7BF}.Debug|Any CPU.Build.0 = Debug|Any CPU
		{917D8FDD-8DAF-4FF3-9B73-80626939A7BF}.Release|Any CPU.ActiveCfg = Release|Any CPU
		{917D8FDD-8DAF-4FF3-9B73-80626939A7BF}.Release|Any CPU.Build.0 = Release|Any CPU
		{68E195CB-321A-4E20-8D00-2F43B964BDEE}.Debug|Any CPU.ActiveCfg = Debug|Any CPU
		{68E195CB-321A-4E20-8D00-2F43B964BDEE}.Debug|Any CPU.Build.0 = Debug|Any CPU
		{68E195CB-321A-4E20-8D00-2F43B964BDEE}.Release|Any CPU.ActiveCfg = Release|Any CPU
		{68E195CB-321A-4E20-8D00-2F43B964BDEE}.Release|Any CPU.Build.0 = Release|Any CPU
		{D7031CF7-2B32-4863-9B8A-A41615FECB86}.Debug|Any CPU.ActiveCfg = Debug|Any CPU
		{D7031CF7-2B32-4863-9B8A-A41615FECB86}.Debug|Any CPU.Build.0 = Debug|Any CPU
		{D7031CF7-2B32-4863-9B8A-A41615FECB86}.Release|Any CPU.ActiveCfg = Release|Any CPU
		{D7031CF7-2B32-4863-9B8A-A41615FECB86}.Release|Any CPU.Build.0 = Release|Any CPU
		{DB05D7DE-818E-445B-8C6E-032B38414224}.Debug|Any CPU.ActiveCfg = Debug|Any CPU
		{DB05D7DE-818E-445B-8C6E-032B38414224}.Debug|Any CPU.Build.0 = Debug|Any CPU
		{DB05D7DE-818E-445B-8C6E-032B38414224}.Release|Any CPU.ActiveCfg = Release|Any CPU
		{DB05D7DE-818E-445B-8C6E-032B38414224}.Release|Any CPU.Build.0 = Release|Any CPU
		{DC7BC6D6-0D4E-48DA-A312-2620D65ED666}.Debug|Any CPU.ActiveCfg = Debug|Any CPU
		{DC7BC6D6-0D4E-48DA-A312-2620D65ED666}.Debug|Any CPU.Build.0 = Debug|Any CPU
		{DC7BC6D6-0D4E-48DA-A312-2620D65ED666}.Release|Any CPU.ActiveCfg = Release|Any CPU
		{DC7BC6D6-0D4E-48DA-A312-2620D65ED666}.Release|Any CPU.Build.0 = Release|Any CPU
		{7EF9D0A6-38CE-4842-AC87-8FB619482497}.Debug|Any CPU.ActiveCfg = Debug|Any CPU
		{7EF9D0A6-38CE-4842-AC87-8FB619482497}.Debug|Any CPU.Build.0 = Debug|Any CPU
		{7EF9D0A6-38CE-4842-AC87-8FB619482497}.Release|Any CPU.ActiveCfg = Release|Any CPU
		{7EF9D0A6-38CE-4842-AC87-8FB619482497}.Release|Any CPU.Build.0 = Release|Any CPU
		{4A2B07FC-958C-413D-8D31-A8B41B7042EE}.Debug|Any CPU.ActiveCfg = Debug|Any CPU
		{4A2B07FC-958C-413D-8D31-A8B41B7042EE}.Debug|Any CPU.Build.0 = Debug|Any CPU
		{4A2B07FC-958C-413D-8D31-A8B41B7042EE}.Release|Any CPU.ActiveCfg = Release|Any CPU
		{4A2B07FC-958C-413D-8D31-A8B41B7042EE}.Release|Any CPU.Build.0 = Release|Any CPU
		{C99389A7-86FC-4648-9D89-711FB7899D26}.Debug|Any CPU.ActiveCfg = Debug|Any CPU
		{C99389A7-86FC-4648-9D89-711FB7899D26}.Debug|Any CPU.Build.0 = Debug|Any CPU
		{C99389A7-86FC-4648-9D89-711FB7899D26}.Release|Any CPU.ActiveCfg = Release|Any CPU
		{C99389A7-86FC-4648-9D89-711FB7899D26}.Release|Any CPU.Build.0 = Release|Any CPU
		{1F15A7C6-DD2D-495F-BE03-B69F2F9AAF00}.Debug|Any CPU.ActiveCfg = Debug|Any CPU
		{1F15A7C6-DD2D-495F-BE03-B69F2F9AAF00}.Debug|Any CPU.Build.0 = Debug|Any CPU
		{1F15A7C6-DD2D-495F-BE03-B69F2F9AAF00}.Release|Any CPU.ActiveCfg = Release|Any CPU
		{1F15A7C6-DD2D-495F-BE03-B69F2F9AAF00}.Release|Any CPU.Build.0 = Release|Any CPU
		{0B1DDCE1-1AD0-4642-A47E-738D8186D862}.Debug|Any CPU.ActiveCfg = Debug|Any CPU
		{0B1DDCE1-1AD0-4642-A47E-738D8186D862}.Debug|Any CPU.Build.0 = Debug|Any CPU
		{0B1DDCE1-1AD0-4642-A47E-738D8186D862}.Release|Any CPU.ActiveCfg = Release|Any CPU
		{0B1DDCE1-1AD0-4642-A47E-738D8186D862}.Release|Any CPU.Build.0 = Release|Any CPU
		{429D3506-918E-44B4-9B15-85C356E7FA0F}.Debug|Any CPU.ActiveCfg = Debug|Any CPU
		{429D3506-918E-44B4-9B15-85C356E7FA0F}.Debug|Any CPU.Build.0 = Debug|Any CPU
		{429D3506-918E-44B4-9B15-85C356E7FA0F}.Release|Any CPU.ActiveCfg = Release|Any CPU
		{429D3506-918E-44B4-9B15-85C356E7FA0F}.Release|Any CPU.Build.0 = Release|Any CPU
		{B1DDF3CA-8931-41A3-B548-47B003FEC66F}.Debug|Any CPU.ActiveCfg = Debug|Any CPU
		{B1DDF3CA-8931-41A3-B548-47B003FEC66F}.Debug|Any CPU.Build.0 = Debug|Any CPU
		{B1DDF3CA-8931-41A3-B548-47B003FEC66F}.Release|Any CPU.ActiveCfg = Release|Any CPU
		{B1DDF3CA-8931-41A3-B548-47B003FEC66F}.Release|Any CPU.Build.0 = Release|Any CPU
		{0DE7FACD-5D2D-4151-B243-664701C72931}.Debug|Any CPU.ActiveCfg = Debug|Any CPU
		{0DE7FACD-5D2D-4151-B243-664701C72931}.Debug|Any CPU.Build.0 = Debug|Any CPU
		{0DE7FACD-5D2D-4151-B243-664701C72931}.Release|Any CPU.ActiveCfg = Release|Any CPU
		{0DE7FACD-5D2D-4151-B243-664701C72931}.Release|Any CPU.Build.0 = Release|Any CPU
		{A6257B05-B389-45C4-ADE0-5D656AFF8FBB}.Debug|Any CPU.ActiveCfg = Debug|Any CPU
		{A6257B05-B389-45C4-ADE0-5D656AFF8FBB}.Debug|Any CPU.Build.0 = Debug|Any CPU
		{A6257B05-B389-45C4-ADE0-5D656AFF8FBB}.Release|Any CPU.ActiveCfg = Release|Any CPU
		{A6257B05-B389-45C4-ADE0-5D656AFF8FBB}.Release|Any CPU.Build.0 = Release|Any CPU
		{FD5A3F47-6E3F-4A99-9902-B920877BE161}.Debug|Any CPU.ActiveCfg = Debug|Any CPU
		{FD5A3F47-6E3F-4A99-9902-B920877BE161}.Debug|Any CPU.Build.0 = Debug|Any CPU
		{FD5A3F47-6E3F-4A99-9902-B920877BE161}.Release|Any CPU.ActiveCfg = Release|Any CPU
		{FD5A3F47-6E3F-4A99-9902-B920877BE161}.Release|Any CPU.Build.0 = Release|Any CPU
		{3839ED20-1C03-4C5C-A4D1-3CFA8C433E1E}.Debug|Any CPU.ActiveCfg = Debug|Any CPU
		{3839ED20-1C03-4C5C-A4D1-3CFA8C433E1E}.Debug|Any CPU.Build.0 = Debug|Any CPU
		{3839ED20-1C03-4C5C-A4D1-3CFA8C433E1E}.Release|Any CPU.ActiveCfg = Release|Any CPU
		{3839ED20-1C03-4C5C-A4D1-3CFA8C433E1E}.Release|Any CPU.Build.0 = Release|Any CPU
		{C34080E0-2462-46F9-9E78-1103B9CBE70D}.Debug|Any CPU.ActiveCfg = Debug|Any CPU
		{C34080E0-2462-46F9-9E78-1103B9CBE70D}.Debug|Any CPU.Build.0 = Debug|Any CPU
		{C34080E0-2462-46F9-9E78-1103B9CBE70D}.Release|Any CPU.ActiveCfg = Release|Any CPU
		{C34080E0-2462-46F9-9E78-1103B9CBE70D}.Release|Any CPU.Build.0 = Release|Any CPU
		{0063136D-2261-447C-8444-2FB965954B53}.Debug|Any CPU.ActiveCfg = Debug|Any CPU
		{0063136D-2261-447C-8444-2FB965954B53}.Debug|Any CPU.Build.0 = Debug|Any CPU
		{0063136D-2261-447C-8444-2FB965954B53}.Release|Any CPU.ActiveCfg = Release|Any CPU
		{0063136D-2261-447C-8444-2FB965954B53}.Release|Any CPU.Build.0 = Release|Any CPU
		{398430F4-A97D-43A6-A61C-D1C69B1749E5}.Debug|Any CPU.ActiveCfg = Debug|Any CPU
		{398430F4-A97D-43A6-A61C-D1C69B1749E5}.Debug|Any CPU.Build.0 = Debug|Any CPU
		{398430F4-A97D-43A6-A61C-D1C69B1749E5}.Release|Any CPU.ActiveCfg = Release|Any CPU
		{398430F4-A97D-43A6-A61C-D1C69B1749E5}.Release|Any CPU.Build.0 = Release|Any CPU
		{E35FAE06-A5C9-4C22-9287-A44FE59BA6D0}.Debug|Any CPU.ActiveCfg = Debug|Any CPU
		{E35FAE06-A5C9-4C22-9287-A44FE59BA6D0}.Debug|Any CPU.Build.0 = Debug|Any CPU
		{E35FAE06-A5C9-4C22-9287-A44FE59BA6D0}.Release|Any CPU.ActiveCfg = Release|Any CPU
		{E35FAE06-A5C9-4C22-9287-A44FE59BA6D0}.Release|Any CPU.Build.0 = Release|Any CPU
		{AE36F8D1-8CE6-4922-AB69-4E25383322E5}.Debug|Any CPU.ActiveCfg = Debug|Any CPU
		{AE36F8D1-8CE6-4922-AB69-4E25383322E5}.Debug|Any CPU.Build.0 = Debug|Any CPU
		{AE36F8D1-8CE6-4922-AB69-4E25383322E5}.Release|Any CPU.ActiveCfg = Release|Any CPU
		{AE36F8D1-8CE6-4922-AB69-4E25383322E5}.Release|Any CPU.Build.0 = Release|Any CPU
		{A2949864-EEF1-446A-996D-F8EC5A9C85A7}.Debug|Any CPU.ActiveCfg = Debug|Any CPU
		{A2949864-EEF1-446A-996D-F8EC5A9C85A7}.Debug|Any CPU.Build.0 = Debug|Any CPU
		{A2949864-EEF1-446A-996D-F8EC5A9C85A7}.Release|Any CPU.ActiveCfg = Release|Any CPU
		{A2949864-EEF1-446A-996D-F8EC5A9C85A7}.Release|Any CPU.Build.0 = Release|Any CPU
		{99ADE128-4B8D-4FED-BC9E-D22EF607BC54}.Debug|Any CPU.ActiveCfg = Debug|Any CPU
		{99ADE128-4B8D-4FED-BC9E-D22EF607BC54}.Debug|Any CPU.Build.0 = Debug|Any CPU
		{99ADE128-4B8D-4FED-BC9E-D22EF607BC54}.Release|Any CPU.ActiveCfg = Release|Any CPU
		{99ADE128-4B8D-4FED-BC9E-D22EF607BC54}.Release|Any CPU.Build.0 = Release|Any CPU
		{ACF31A8F-47A5-431E-B55B-70EB05D9F140}.Debug|Any CPU.ActiveCfg = Debug|Any CPU
		{ACF31A8F-47A5-431E-B55B-70EB05D9F140}.Debug|Any CPU.Build.0 = Debug|Any CPU
		{ACF31A8F-47A5-431E-B55B-70EB05D9F140}.Release|Any CPU.ActiveCfg = Release|Any CPU
		{ACF31A8F-47A5-431E-B55B-70EB05D9F140}.Release|Any CPU.Build.0 = Release|Any CPU
		{132229B4-73B4-4B43-B72E-762E6D27FFD9}.Debug|Any CPU.ActiveCfg = Debug|Any CPU
		{132229B4-73B4-4B43-B72E-762E6D27FFD9}.Debug|Any CPU.Build.0 = Debug|Any CPU
		{132229B4-73B4-4B43-B72E-762E6D27FFD9}.Release|Any CPU.ActiveCfg = Release|Any CPU
		{132229B4-73B4-4B43-B72E-762E6D27FFD9}.Release|Any CPU.Build.0 = Release|Any CPU
		{5ABB505A-40DC-4BBD-8601-E62A4553F936}.Debug|Any CPU.ActiveCfg = Debug|Any CPU
		{5ABB505A-40DC-4BBD-8601-E62A4553F936}.Debug|Any CPU.Build.0 = Debug|Any CPU
		{5ABB505A-40DC-4BBD-8601-E62A4553F936}.Release|Any CPU.ActiveCfg = Release|Any CPU
		{5ABB505A-40DC-4BBD-8601-E62A4553F936}.Release|Any CPU.Build.0 = Release|Any CPU
		{7B8C00E6-2E1B-479F-A59F-B88A81C83068}.Debug|Any CPU.ActiveCfg = Debug|Any CPU
		{7B8C00E6-2E1B-479F-A59F-B88A81C83068}.Debug|Any CPU.Build.0 = Debug|Any CPU
		{7B8C00E6-2E1B-479F-A59F-B88A81C83068}.Release|Any CPU.ActiveCfg = Release|Any CPU
		{7B8C00E6-2E1B-479F-A59F-B88A81C83068}.Release|Any CPU.Build.0 = Release|Any CPU
		{0C5B51D9-620B-4753-A210-FBB1BD3E3535}.Debug|Any CPU.ActiveCfg = Debug|Any CPU
		{0C5B51D9-620B-4753-A210-FBB1BD3E3535}.Debug|Any CPU.Build.0 = Debug|Any CPU
		{0C5B51D9-620B-4753-A210-FBB1BD3E3535}.Release|Any CPU.ActiveCfg = Release|Any CPU
		{0C5B51D9-620B-4753-A210-FBB1BD3E3535}.Release|Any CPU.Build.0 = Release|Any CPU
		{A142EF9E-B729-41E9-BE63-61AEFCC3E351}.Debug|Any CPU.ActiveCfg = Debug|Any CPU
		{A142EF9E-B729-41E9-BE63-61AEFCC3E351}.Debug|Any CPU.Build.0 = Debug|Any CPU
		{A142EF9E-B729-41E9-BE63-61AEFCC3E351}.Release|Any CPU.ActiveCfg = Release|Any CPU
		{A142EF9E-B729-41E9-BE63-61AEFCC3E351}.Release|Any CPU.Build.0 = Release|Any CPU
		{908BB32F-0841-4232-8E90-94BA690B2935}.Debug|Any CPU.ActiveCfg = Debug|Any CPU
		{908BB32F-0841-4232-8E90-94BA690B2935}.Debug|Any CPU.Build.0 = Debug|Any CPU
		{908BB32F-0841-4232-8E90-94BA690B2935}.Release|Any CPU.ActiveCfg = Release|Any CPU
		{908BB32F-0841-4232-8E90-94BA690B2935}.Release|Any CPU.Build.0 = Release|Any CPU
		{BE34D235-4C0D-42C6-834E-743D29E99DC0}.Debug|Any CPU.ActiveCfg = Debug|Any CPU
		{BE34D235-4C0D-42C6-834E-743D29E99DC0}.Debug|Any CPU.Build.0 = Debug|Any CPU
		{BE34D235-4C0D-42C6-834E-743D29E99DC0}.Release|Any CPU.ActiveCfg = Release|Any CPU
		{BE34D235-4C0D-42C6-834E-743D29E99DC0}.Release|Any CPU.Build.0 = Release|Any CPU
		{8AB50DA9-8313-48C4-AAC9-2D8EF4383F41}.Debug|Any CPU.ActiveCfg = Debug|Any CPU
		{8AB50DA9-8313-48C4-AAC9-2D8EF4383F41}.Debug|Any CPU.Build.0 = Debug|Any CPU
		{8AB50DA9-8313-48C4-AAC9-2D8EF4383F41}.Release|Any CPU.ActiveCfg = Release|Any CPU
		{8AB50DA9-8313-48C4-AAC9-2D8EF4383F41}.Release|Any CPU.Build.0 = Release|Any CPU
		{B18E5394-E69F-4C56-828F-618DD2A9A9E5}.Debug|Any CPU.ActiveCfg = Debug|Any CPU
		{B18E5394-E69F-4C56-828F-618DD2A9A9E5}.Debug|Any CPU.Build.0 = Debug|Any CPU
		{B18E5394-E69F-4C56-828F-618DD2A9A9E5}.Release|Any CPU.ActiveCfg = Release|Any CPU
		{B18E5394-E69F-4C56-828F-618DD2A9A9E5}.Release|Any CPU.Build.0 = Release|Any CPU
		{A9244C1D-EDEC-4826-A833-9F97DE25BCEE}.Debug|Any CPU.ActiveCfg = Debug|Any CPU
		{A9244C1D-EDEC-4826-A833-9F97DE25BCEE}.Debug|Any CPU.Build.0 = Debug|Any CPU
		{A9244C1D-EDEC-4826-A833-9F97DE25BCEE}.Release|Any CPU.ActiveCfg = Release|Any CPU
		{A9244C1D-EDEC-4826-A833-9F97DE25BCEE}.Release|Any CPU.Build.0 = Release|Any CPU
		{EDF4159F-056C-4921-9C59-A9432150638E}.Debug|Any CPU.ActiveCfg = Debug|Any CPU
		{EDF4159F-056C-4921-9C59-A9432150638E}.Debug|Any CPU.Build.0 = Debug|Any CPU
		{EDF4159F-056C-4921-9C59-A9432150638E}.Release|Any CPU.ActiveCfg = Release|Any CPU
		{EDF4159F-056C-4921-9C59-A9432150638E}.Release|Any CPU.Build.0 = Release|Any CPU
		{B91CEFC1-EC94-42A2-BD7E-9695086DF44C}.Debug|Any CPU.ActiveCfg = Debug|Any CPU
		{B91CEFC1-EC94-42A2-BD7E-9695086DF44C}.Debug|Any CPU.Build.0 = Debug|Any CPU
		{B91CEFC1-EC94-42A2-BD7E-9695086DF44C}.Release|Any CPU.ActiveCfg = Release|Any CPU
		{B91CEFC1-EC94-42A2-BD7E-9695086DF44C}.Release|Any CPU.Build.0 = Release|Any CPU
		{6D902129-4043-4800-B688-13580D3D340E}.Debug|Any CPU.ActiveCfg = Debug|Any CPU
		{6D902129-4043-4800-B688-13580D3D340E}.Debug|Any CPU.Build.0 = Debug|Any CPU
		{6D902129-4043-4800-B688-13580D3D340E}.Release|Any CPU.ActiveCfg = Release|Any CPU
		{6D902129-4043-4800-B688-13580D3D340E}.Release|Any CPU.Build.0 = Release|Any CPU
		{7B73098D-F03B-43BA-A3AD-5984FFC8D683}.Debug|Any CPU.ActiveCfg = Debug|Any CPU
		{7B73098D-F03B-43BA-A3AD-5984FFC8D683}.Debug|Any CPU.Build.0 = Debug|Any CPU
		{7B73098D-F03B-43BA-A3AD-5984FFC8D683}.Release|Any CPU.ActiveCfg = Release|Any CPU
		{7B73098D-F03B-43BA-A3AD-5984FFC8D683}.Release|Any CPU.Build.0 = Release|Any CPU
		{E8CACCEA-38D7-4EE0-867A-68F6FD8D53D2}.Debug|Any CPU.ActiveCfg = Debug|Any CPU
		{E8CACCEA-38D7-4EE0-867A-68F6FD8D53D2}.Debug|Any CPU.Build.0 = Debug|Any CPU
		{E8CACCEA-38D7-4EE0-867A-68F6FD8D53D2}.Release|Any CPU.ActiveCfg = Release|Any CPU
		{E8CACCEA-38D7-4EE0-867A-68F6FD8D53D2}.Release|Any CPU.Build.0 = Release|Any CPU
		{D723BF48-DAAE-490C-9B96-BFEE358E4499}.Debug|Any CPU.ActiveCfg = Debug|Any CPU
		{D723BF48-DAAE-490C-9B96-BFEE358E4499}.Debug|Any CPU.Build.0 = Debug|Any CPU
		{D723BF48-DAAE-490C-9B96-BFEE358E4499}.Release|Any CPU.ActiveCfg = Release|Any CPU
		{D723BF48-DAAE-490C-9B96-BFEE358E4499}.Release|Any CPU.Build.0 = Release|Any CPU
		{AB994FF5-AEB4-40B1-B089-46C382D9A739}.Debug|Any CPU.ActiveCfg = Debug|Any CPU
		{AB994FF5-AEB4-40B1-B089-46C382D9A739}.Debug|Any CPU.Build.0 = Debug|Any CPU
		{AB994FF5-AEB4-40B1-B089-46C382D9A739}.Release|Any CPU.ActiveCfg = Release|Any CPU
		{AB994FF5-AEB4-40B1-B089-46C382D9A739}.Release|Any CPU.Build.0 = Release|Any CPU
		{35259AD9-6CEC-4C3D-AA72-5415978C52C1}.Debug|Any CPU.ActiveCfg = Debug|Any CPU
		{35259AD9-6CEC-4C3D-AA72-5415978C52C1}.Debug|Any CPU.Build.0 = Debug|Any CPU
		{35259AD9-6CEC-4C3D-AA72-5415978C52C1}.Release|Any CPU.ActiveCfg = Release|Any CPU
		{35259AD9-6CEC-4C3D-AA72-5415978C52C1}.Release|Any CPU.Build.0 = Release|Any CPU
		{A32B1B12-E2AF-4268-9414-11D223704C48}.Debug|Any CPU.ActiveCfg = Debug|Any CPU
		{A32B1B12-E2AF-4268-9414-11D223704C48}.Debug|Any CPU.Build.0 = Debug|Any CPU
		{A32B1B12-E2AF-4268-9414-11D223704C48}.Release|Any CPU.ActiveCfg = Release|Any CPU
		{A32B1B12-E2AF-4268-9414-11D223704C48}.Release|Any CPU.Build.0 = Release|Any CPU
		{24ECF451-0B3D-4527-B92D-1EB5EF3DC76B}.Debug|Any CPU.ActiveCfg = Debug|Any CPU
		{24ECF451-0B3D-4527-B92D-1EB5EF3DC76B}.Debug|Any CPU.Build.0 = Debug|Any CPU
		{24ECF451-0B3D-4527-B92D-1EB5EF3DC76B}.Release|Any CPU.ActiveCfg = Release|Any CPU
		{24ECF451-0B3D-4527-B92D-1EB5EF3DC76B}.Release|Any CPU.Build.0 = Release|Any CPU
		{8C872E1B-A056-48F3-BC40-2B7934C3BA21}.Debug|Any CPU.ActiveCfg = Debug|Any CPU
		{8C872E1B-A056-48F3-BC40-2B7934C3BA21}.Debug|Any CPU.Build.0 = Debug|Any CPU
		{8C872E1B-A056-48F3-BC40-2B7934C3BA21}.Release|Any CPU.ActiveCfg = Release|Any CPU
		{8C872E1B-A056-48F3-BC40-2B7934C3BA21}.Release|Any CPU.Build.0 = Release|Any CPU
		{3E9C9E3E-6CB3-416B-8660-FA41AE3AB2D5}.Debug|Any CPU.ActiveCfg = Debug|Any CPU
		{3E9C9E3E-6CB3-416B-8660-FA41AE3AB2D5}.Debug|Any CPU.Build.0 = Debug|Any CPU
		{3E9C9E3E-6CB3-416B-8660-FA41AE3AB2D5}.Release|Any CPU.ActiveCfg = Release|Any CPU
		{3E9C9E3E-6CB3-416B-8660-FA41AE3AB2D5}.Release|Any CPU.Build.0 = Release|Any CPU
	EndGlobalSection
	GlobalSection(SolutionProperties) = preSolution
		HideSolutionNode = FALSE
	EndGlobalSection
	GlobalSection(ExtensibilityGlobals) = postSolution
		SolutionGuid = {33DBE526-40FE-4B1C-85FA-55AB3C2A6629}
	EndGlobalSection
EndGlobal
